<Solution>
  <Folder Name="/src/">
    <Project Path="src/TaskFlow.API/TaskFlow.API.csproj" />
    <Project Path="src/TaskFlow.Application/TaskFlow.Application.csproj" />
    <Project Path="src/TaskFlow.Domain/TaskFlow.Domain.csproj" />
  </Folder>
  <Folder Name="/tests/">
    <Project Path="tests/TaskFlow.Tests/TaskFlow.Tests.csproj" />
  </Folder>
</Solution>
